// !$*UTF8*$!
{
	archiveVersion = 1;
	classes = {
	};
	objectVersion = 60;
	objects = {

/* Begin PBXBuildFile section */
		75AF40CB2CF730510087CF06 /* MyPrimePortalAppApp.swift in Sources */ = {isa = PBXBuildFile; fileRef = 75AF40CA2CF730510087CF06 /* MyPrimePortalAppApp.swift */; };
		75AF40CD2CF730510087CF06 /* ContentView.swift in Sources */ = {isa = PBXBuildFile; fileRef = 75AF40CC2CF730510087CF06 /* ContentView.swift */; };
		75AF40CF2CF730540087CF06 /* Assets.xcassets in Resources */ = {isa = PBXBuildFile; fileRef = 75AF40CE2CF730540087CF06 /* Assets.xcassets */; };
		75AF40D22CF730540087CF06 /* Preview Assets.xcassets in Resources */ = {isa = PBXBuildFile; fileRef = 75AF40D12CF730540087CF06 /* Preview Assets.xcassets */; };
		75AF40D42CF730540087CF06 /* Persistence.swift in Sources */ = {isa = PBXBuildFile; fileRef = 75AF40D32CF730540087CF06 /* Persistence.swift */; };
		75AF40D72CF730540087CF06 /* MyPrimePortalApp.xcdatamodeld in Sources */ = {isa = PBXBuildFile; fileRef = 75AF40D52CF730540087CF06 /* MyPrimePortalApp.xcdatamodeld */; };
		75AF40DE2CF731030087CF06 /* LogoutView.swift in Sources */ = {isa = PBXBuildFile; fileRef = 75AF40DD2CF731030087CF06 /* LogoutView.swift */; };
		75AF40E02CF7311A0087CF06 /* MyMessagesView.swift in Sources */ = {isa = PBXBuildFile; fileRef = 75AF40DF2CF7311A0087CF06 /* MyMessagesView.swift */; };
		75AF40E22CF731360087CF06 /* MyStoreView.swift in Sources */ = {isa = PBXBuildFile; fileRef = 75AF40E12CF731360087CF06 /* MyStoreView.swift */; };
		75AF40E42CF731500087CF06 /* MyPageView.swift in Sources */ = {isa = PBXBuildFile; fileRef = 75AF40E32CF731500087CF06 /* MyPageView.swift */; };
		75AF40E62CF731670087CF06 /* MyHomeView.swift in Sources */ = {isa = PBXBuildFile; fileRef = 75AF40E52CF731670087CF06 /* MyHomeView.swift */; };
/* End PBXBuildFile section */

/* Begin PBXFileReference section */
		75AF40C72CF730510087CF06 /* MyPrimePortalApp.app */ = {isa = PBXFileReference; explicitFileType = wrapper.application; includeInIndex = 0; path = MyPrimePortalApp.app; sourceTree = BUILT_PRODUCTS_DIR; };
		75AF40CA2CF730510087CF06 /* MyPrimePortalAppApp.swift */ = {isa = PBXFileReference; lastKnownFileType = sourcecode.swift; path = MyPrimePortalAppApp.swift; sourceTree = "<group>"; };
		75AF40CC2CF730510087CF06 /* ContentView.swift */ = {isa = PBXFileReference; lastKnownFileType = sourcecode.swift; path = ContentView.swift; sourceTree = "<group>"; };
		75AF40CE2CF730540087CF06 /* Assets.xcassets */ = {isa = PBXFileReference; lastKnownFileType = folder.assetcatalog; path = Assets.xcassets; sourceTree = "<group>"; };
		75AF40D12CF730540087CF06 /* Preview Assets.xcassets */ = {isa = PBXFileReference; lastKnownFileType = folder.assetcatalog; path = "Preview Assets.xcassets"; sourceTree = "<group>"; };
		75AF40D32CF730540087CF06 /* Persistence.swift */ = {isa = PBXFileReference; lastKnownFileType = sourcecode.swift; path = Persistence.swift; sourceTree = "<group>"; };
		75AF40D62CF730540087CF06 /* MyPrimePortalApp.xcdatamodel */ = {isa = PBXFileReference; lastKnownFileType = wrapper.xcdatamodel; path = MyPrimePortalApp.xcdatamodel; sourceTree = "<group>"; };
		75AF40DD2CF731030087CF06 /* LogoutView.swift */ = {isa = PBXFileReference; lastKnownFileType = sourcecode.swift; path = LogoutView.swift; sourceTree = "<group>"; };
		75AF40DF2CF7311A0087CF06 /* MyMessagesView.swift */ = {isa = PBXFileReference; lastKnownFileType = sourcecode.swift; path = MyMessagesView.swift; sourceTree = "<group>"; };
		75AF40E12CF731360087CF06 /* MyStoreView.swift */ = {isa = PBXFileReference; lastKnownFileType = sourcecode.swift; path = MyStoreView.swift; sourceTree = "<group>"; };
		75AF40E32CF731500087CF06 /* MyPageView.swift */ = {isa = PBXFileReference; lastKnownFileType = sourcecode.swift; path = MyPageView.swift; sourceTree = "<group>"; };
		75AF40E52CF731670087CF06 /* MyHomeView.swift */ = {isa = PBXFileReference; lastKnownFileType = sourcecode.swift; path = MyHomeView.swift; sourceTree = "<group>"; };
/* End PBXFileReference section */

/* Begin PBXFrameworksBuildPhase section */
		75AF40C42CF730510087CF06 /* Frameworks */ = {
			isa = PBXFrameworksBuildPhase;
			buildActionMask = 2147483647;
			files = (
			);
			runOnlyForDeploymentPostprocessing = 0;
		};
/* End PBXFrameworksBuildPhase section */

/* Begin PBXGroup section */
		75AF40BE2CF730510087CF06 = {
			isa = PBXGroup;
			children = (
				75AF40C92CF730510087CF06 /* MyPrimePortalApp */,
				75AF40C82CF730510087CF06 /* Products */,
			);
			sourceTree = "<group>";
		};
		75AF40C82CF730510087CF06 /* Products */ = {
			isa = PBXGroup;
			children = (
				75AF40C72CF730510087CF06 /* MyPrimePortalApp.app */,
			);
			name = Products;
			sourceTree = "<group>";
		};
		75AF40C92CF730510087CF06 /* MyPrimePortalApp */ = {
			isa = PBXGroup;
			children = (
				75AF40CA2CF730510087CF06 /* MyPrimePortalAppApp.swift */,
				75AF40CC2CF730510087CF06 /* ContentView.swift */,
				75AF40E52CF731670087CF06 /* MyHomeView.swift */,
				75AF40E32CF731500087CF06 /* MyPageView.swift */,
				75AF40E12CF731360087CF06 /* MyStoreView.swift */,
				75AF40DF2CF7311A0087CF06 /* MyMessagesView.swift */,
				75AF40DD2CF731030087CF06 /* LogoutView.swift */,
				75AF40CE2CF730540087CF06 /* Assets.xcassets */,
				75AF40D32CF730540087CF06 /* Persistence.swift */,
				75AF40D52CF730540087CF06 /* MyPrimePortalApp.xcdatamodeld */,
				75AF40D02CF730540087CF06 /* Preview Content */,
			);
			path = MyPrimePortalApp;
			sourceTree = "<group>";
		};
		75AF40D02CF730540087CF06 /* Preview Content */ = {
			isa = PBXGroup;
			children = (
				75AF40D12CF730540087CF06 /* Preview Assets.xcassets */,
			);
			path = "Preview Content";
			sourceTree = "<group>";
		};
/* End PBXGroup section */

/* Begin PBXNativeTarget section */
		75AF40C62CF730510087CF06 /* MyPrimePortalApp */ = {
			isa = PBXNativeTarget;
			buildConfigurationList = 75AF40DA2CF730540087CF06 /* Build configuration list for PBXNativeTarget "MyPrimePortalApp" */;
			buildPhases = (
				75AF40C32CF730510087CF06 /* Sources */,
				75AF40C42CF730510087CF06 /* Frameworks */,
				75AF40C52CF730510087CF06 /* Resources */,
			);
			buildRules = (
			);
			dependencies = (
			);
			name = MyPrimePortalApp;
			productName = MyPrimePortalApp;
			productReference = 75AF40C72CF730510087CF06 /* MyPrimePortalApp.app */;
			productType = "com.apple.product-type.application";
		};
/* End PBXNativeTarget section */

/* Begin PBXProject section */
		75AF40BF2CF730510087CF06 /* Project object */ = {
			isa = PBXProject;
			attributes = {
				BuildIndependentTargetsInParallel = 1;
				LastSwiftUpdateCheck = 1600;
				LastUpgradeCheck = 1600;
				TargetAttributes = {
					75AF40C62CF730510087CF06 = {
						CreatedOnToolsVersion = 16.0;
					};
				};
			};
			buildConfigurationList = 75AF40C22CF730510087CF06 /* Build configuration list for PBXProject "MyPrimePortalApp" */;
			compatibilityVersion = "Xcode 15.0";
			developmentRegion = en;
			hasScannedForEncodings = 0;
			knownRegions = (
				en,
				Base,
			);
			mainGroup = 75AF40BE2CF730510087CF06;
			productRefGroup = 75AF40C82CF730510087CF06 /* Products */;
			projectDirPath = "";
			projectRoot = "";
			targets = (
				75AF40C62CF730510087CF06 /* MyPrimePortalApp */,
			);
		};
/* End PBXProject section */

/* Begin PBXResourcesBuildPhase section */
		75AF40C52CF730510087CF06 /* Resources */ = {
			isa = PBXResourcesBuildPhase;
			buildActionMask = 2147483647;
			files = (
				75AF40D22CF730540087CF06 /* Preview Assets.xcassets in Resources */,
				75AF40CF2CF730540087CF06 /* Assets.xcassets in Resources */,
			);
			runOnlyForDeploymentPostprocessing = 0;
		};
/* End PBXResourcesBuildPhase section */

/* Begin PBXSourcesBuildPhase section */
		75AF40C32CF730510087CF06 /* Sources */ = {
			isa = PBXSourcesBuildPhase;
			buildActionMask = 2147483647;
			files = (
				75AF40D42CF730540087CF06 /* Persistence.swift in Sources */,
				75AF40E42CF731500087CF06 /* MyPageView.swift in Sources */,
				75AF40CD2CF730510087CF06 /* ContentView.swift in Sources */,
				75AF40E02CF7311A0087CF06 /* MyMessagesView.swift in Sources */,
				75AF40E62CF731670087CF06 /* MyHomeView.swift in Sources */,
				75AF40E22CF731360087CF06 /* MyStoreView.swift in Sources */,
				75AF40DE2CF731030087CF06 /* LogoutView.swift in Sources */,
				75AF40CB2CF730510087CF06 /* MyPrimePortalAppApp.swift in Sources */,
				75AF40D72CF730540087CF06 /* MyPrimePortalApp.xcdatamodeld in Sources */,
			);
			runOnlyForDeploymentPostprocessing = 0;
		};
/* End PBXSourcesBuildPhase section */

/* Begin XCBuildConfiguration section */
		75AF40D82CF730540087CF06 /* Debug */ = {
			isa = XCBuildConfiguration;
			buildSettings = {
				ALWAYS_SEARCH_USER_PATHS = NO;
				ASSETCATALOG_COMPILER_GENERATE_SWIFT_ASSET_SYMBOL_EXTENSIONS = YES;
				CLANG_ANALYZER_NONNULL = YES;
				CLANG_ANALYZER_NUMBER_OBJECT_CONVERSION = YES_AGGRESSIVE;
				CLANG_CXX_LANGUAGE_STANDARD = "gnu++20";
				CLANG_ENABLE_MODULES = YES;
				CLANG_ENABLE_OBJC_ARC = YES;
				CLANG_ENABLE_OBJC_WEAK = YES;
				CLANG_WARN_BLOCK_CAPTURE_AUTORELEASING = YES;
				CLANG_WARN_BOOL_CONVERSION = YES;
				CLANG_WARN_COMMA = YES;
				CLANG_WARN_CONSTANT_CONVERSION = YES;
				CLANG_WARN_DEPRECATED_OBJC_IMPLEMENTATIONS = YES;
				CLANG_WARN_DIRECT_OBJC_ISA_USAGE = YES_ERROR;
				CLANG_WARN_DOCUMENTATION_COMMENTS = YES;
				CLANG_WARN_EMPTY_BODY = YES;
				CLANG_WARN_ENUM_CONVERSION = YES;
				CLANG_WARN_INFINITE_RECURSION = YES;
				CLANG_WARN_INT_CONVERSION = YES;
				CLANG_WARN_NON_LITERAL_NULL_CONVERSION = YES;
				CLANG_WARN_OBJC_IMPLICIT_RETAIN_SELF = YES;
				CLANG_WARN_OBJC_LITERAL_CONVERSION = YES;
				CLANG_WARN_OBJC_ROOT_CLASS = YES_ERROR;
				CLANG_WARN_QUOTED_INCLUDE_IN_FRAMEWORK_HEADER = YES;
				CLANG_WARN_RANGE_LOOP_ANALYSIS = YES;
				CLANG_WARN_STRICT_PROTOTYPES = YES;
				CLANG_WARN_SUSPICIOUS_MOVE = YES;
				CLANG_WARN_UNGUARDED_AVAILABILITY = YES_AGGRESSIVE;
				CLANG_WARN_UNREACHABLE_CODE = YES;
				CLANG_WARN__DUPLICATE_METHOD_MATCH = YES;
				COPY_PHASE_STRIP = NO;
				DEBUG_INFORMATION_FORMAT = dwarf;
				ENABLE_STRICT_OBJC_MSGSEND = YES;
				ENABLE_TESTABILITY = YES;
				ENABLE_USER_SCRIPT_SANDBOXING = YES;
				GCC_C_LANGUAGE_STANDARD = gnu17;
				GCC_DYNAMIC_NO_PIC = NO;
				GCC_NO_COMMON_BLOCKS = YES;
				GCC_OPTIMIZATION_LEVEL = 0;
				GCC_PREPROCESSOR_DEFINITIONS = (
					"DEBUG=1",
					"$(inherited)",
				);
				GCC_WARN_64_TO_32_BIT_CONVERSION = YES;
				GCC_WARN_ABOUT_RETURN_TYPE = YES_ERROR;
				GCC_WARN_UNDECLARED_SELECTOR = YES;
				GCC_WARN_UNINITIALIZED_AUTOS = YES_AGGRESSIVE;
				GCC_WARN_UNUSED_FUNCTION = YES;
				GCC_WARN_UNUSED_VARIABLE = YES;
				IPHONEOS_DEPLOYMENT_TARGET = 18.0;
				LOCALIZATION_PREFERS_STRING_CATALOGS = YES;
				MTL_ENABLE_DEBUG_INFO = INCLUDE_SOURCE;
				MTL_FAST_MATH = YES;
				ONLY_ACTIVE_ARCH = YES;
				SDKROOT = iphoneos;
				SWIFT_ACTIVE_COMPILATION_CONDITIONS = "DEBUG $(inherited)";
				SWIFT_OPTIMIZATION_LEVEL = "-Onone";
			};
			name = Debug;
		};
		75AF40D92CF730540087CF06 /* Release */ = {
			isa = XCBuildConfiguration;
			buildSettings = {
				ALWAYS_SEARCH_USER_PATHS = NO;
				ASSETCATALOG_COMPILER_GENERATE_SWIFT_ASSET_SYMBOL_EXTENSIONS = YES;
				CLANG_ANALYZER_NONNULL = YES;
				CLANG_ANALYZER_NUMBER_OBJECT_CONVERSION = YES_AGGRESSIVE;
				CLANG_CXX_LANGUAGE_STANDARD = "gnu++20";
				CLANG_ENABLE_MODULES = YES;
				CLANG_ENABLE_OBJC_ARC = YES;
				CLANG_ENABLE_OBJC_WEAK = YES;
				CLANG_WARN_BLOCK_CAPTURE_AUTORELEASING = YES;
				CLANG_WARN_BOOL_CONVERSION = YES;
				CLANG_WARN_COMMA = YES;
				CLANG_WARN_CONSTANT_CONVERSION = YES;
				CLANG_WARN_DEPRECATED_OBJC_IMPLEMENTATIONS = YES;
				CLANG_WARN_DIRECT_OBJC_ISA_USAGE = YES_ERROR;
				CLANG_WARN_DOCUMENTATION_COMMENTS = YES;
				CLANG_WARN_EMPTY_BODY = YES;
				CLANG_WARN_ENUM_CONVERSION = YES;
				CLANG_WARN_INFINITE_RECURSION = YES;
				CLANG_WARN_INT_CONVERSION = YES;
				CLANG_WARN_NON_LITERAL_NULL_CONVERSION = YES;
				CLANG_WARN_OBJC_IMPLICIT_RETAIN_SELF = YES;
				CLANG_WARN_OBJC_LITERAL_CONVERSION = YES;
				CLANG_WARN_OBJC_ROOT_CLASS = YES_ERROR;
				CLANG_WARN_QUOTED_INCLUDE_IN_FRAMEWORK_HEADER = YES;
				CLANG_WARN_RANGE_LOOP_ANALYSIS = YES;
				CLANG_WARN_STRICT_PROTOTYPES = YES;
				CLANG_WARN_SUSPICIOUS_MOVE = YES;
				CLANG_WARN_UNGUARDED_AVAILABILITY = YES_AGGRESSIVE;
				CLANG_WARN_UNREACHABLE_CODE = YES;
				CLANG_WARN__DUPLICATE_METHOD_MATCH = YES;
				COPY_PHASE_STRIP = NO;
				DEBUG_INFORMATION_FORMAT = "dwarf-with-dsym";
				ENABLE_NS_ASSERTIONS = NO;
				ENABLE_STRICT_OBJC_MSGSEND = YES;
				ENABLE_USER_SCRIPT_SANDBOXING = YES;
				GCC_C_LANGUAGE_STANDARD = gnu17;
				GCC_NO_COMMON_BLOCKS = YES;
				GCC_WARN_64_TO_32_BIT_CONVERSION = YES;
				GCC_WARN_ABOUT_RETURN_TYPE = YES_ERROR;
				GCC_WARN_UNDECLARED_SELECTOR = YES;
				GCC_WARN_UNINITIALIZED_AUTOS = YES_AGGRESSIVE;
				GCC_WARN_UNUSED_FUNCTION = YES;
				GCC_WARN_UNUSED_VARIABLE = YES;
				IPHONEOS_DEPLOYMENT_TARGET = 18.0;
				LOCALIZATION_PREFERS_STRING_CATALOGS = YES;
				MTL_ENABLE_DEBUG_INFO = NO;
				MTL_FAST_MATH = YES;
				SDKROOT = iphoneos;
				SWIFT_COMPILATION_MODE = wholemodule;
				VALIDATE_PRODUCT = YES;
			};
			name = Release;
		};
		75AF40DB2CF730540087CF06 /* Debug */ = {
			isa = XCBuildConfiguration;
			buildSettings = {
				ASSETCATALOG_COMPILER_APPICON_NAME = AppIcon;
				ASSETCATALOG_COMPILER_GLOBAL_ACCENT_COLOR_NAME = AccentColor;
				CODE_SIGN_STYLE = Automatic;
				CURRENT_PROJECT_VERSION = 1;
				DEVELOPMENT_ASSET_PATHS = "\"MyPrimePortalApp/Preview Content\"";
				DEVELOPMENT_TEAM = TJ3667GCXB;
				ENABLE_PREVIEWS = YES;
				GENERATE_INFOPLIST_FILE = YES;
				INFOPLIST_KEY_UIApplicationSceneManifest_Generation = YES;
				INFOPLIST_KEY_UIApplicationSupportsIndirectInputEvents = YES;
				INFOPLIST_KEY_UILaunchScreen_Generation = YES;
				INFOPLIST_KEY_UISupportedInterfaceOrientations_iPad = "UIInterfaceOrientationPortrait UIInterfaceOrientationPortraitUpsideDown UIInterfaceOrientationLandscapeLeft UIInterfaceOrientationLandscapeRight";
				INFOPLIST_KEY_UISupportedInterfaceOrientations_iPhone = "UIInterfaceOrientationPortrait UIInterfaceOrientationLandscapeLeft UIInterfaceOrientationLandscapeRight";
				LD_RUNPATH_SEARCH_PATHS = (
					"$(inherited)",
					"@executable_path/Frameworks",
				);
				MARKETING_VERSION = 1.0;
				PRODUCT_BUNDLE_IDENTIFIER = com.lucianorealgomez.MyPrimePortalApp;
				PRODUCT_NAME = "$(TARGET_NAME)";
				SWIFT_EMIT_LOC_STRINGS = YES;
				SWIFT_VERSION = 5.0;
				TARGETED_DEVICE_FAMILY = "1,2";
			};
			name = Debug;
		};
		75AF40DC2CF730540087CF06 /* Release */ = {
			isa = XCBuildConfiguration;
			buildSettings = {
				ASSETCATALOG_COMPILER_APPICON_NAME = AppIcon;
				ASSETCATALOG_COMPILER_GLOBAL_ACCENT_COLOR_NAME = AccentColor;
				CODE_SIGN_STYLE = Automatic;
				CURRENT_PROJECT_VERSION = 1;
				DEVELOPMENT_ASSET_PATHS = "\"MyPrimePortalApp/Preview Content\"";
				DEVELOPMENT_TEAM = TJ3667GCXB;
				ENABLE_PREVIEWS = YES;
				GENERATE_INFOPLIST_FILE = YES;
				INFOPLIST_KEY_UIApplicationSceneManifest_Generation = YES;
				INFOPLIST_KEY_UIApplicationSupportsIndirectInputEvents = YES;
				INFOPLIST_KEY_UILaunchScreen_Generation = YES;
				INFOPLIST_KEY_UISupportedInterfaceOrientations_iPad = "UIInterfaceOrientationPortrait UIInterfaceOrientationPortraitUpsideDown UIInterfaceOrientationLandscapeLeft UIInterfaceOrientationLandscapeRight";
				INFOPLIST_KEY_UISupportedInterfaceOrientations_iPhone = "UIInterfaceOrientationPortrait UIInterfaceOrientationLandscapeLeft UIInterfaceOrientationLandscapeRight";
				LD_RUNPATH_SEARCH_PATHS = (
					"$(inherited)",
					"@executable_path/Frameworks",
				);
				MARKETING_VERSION = 1.0;
				PRODUCT_BUNDLE_IDENTIFIER = com.lucianorealgomez.MyPrimePortalApp;
				PRODUCT_NAME = "$(TARGET_NAME)";
				SWIFT_EMIT_LOC_STRINGS = YES;
				SWIFT_VERSION = 5.0;
				TARGETED_DEVICE_FAMILY = "1,2";
			};
			name = Release;
		};
/* End XCBuildConfiguration section */

/* Begin XCConfigurationList section */
		75AF40C22CF730510087CF06 /* Build configuration list for PBXProject "MyPrimePortalApp" */ = {
			isa = XCConfigurationList;
			buildConfigurations = (
				75AF40D82CF730540087CF06 /* Debug */,
				75AF40D92CF730540087CF06 /* Release */,
			);
			defaultConfigurationIsVisible = 0;
			defaultConfigurationName = Release;
		};
		75AF40DA2CF730540087CF06 /* Build configuration list for PBXNativeTarget "MyPrimePortalApp" */ = {
			isa = XCConfigurationList;
			buildConfigurations = (
				75AF40DB2CF730540087CF06 /* Debug */,
				75AF40DC2CF730540087CF06 /* Release */,
			);
			defaultConfigurationIsVisible = 0;
			defaultConfigurationName = Release;
		};
/* End XCConfigurationList section */

/* Begin XCVersionGroup section */
		75AF40D52CF730540087CF06 /* MyPrimePortalApp.xcdatamodeld */ = {
			isa = XCVersionGroup;
			children = (
				75AF40D62CF730540087CF06 /* MyPrimePortalApp.xcdatamodel */,
			);
			currentVersion = 75AF40D62CF730540087CF06 /* MyPrimePortalApp.xcdatamodel */;
			path = MyPrimePortalApp.xcdatamodeld;
			sourceTree = "<group>";
			versionGroupType = wrapper.xcdatamodel;
		};
/* End XCVersionGroup section */
	};
	rootObject = 75AF40BF2CF730510087CF06 /* Project object */;
}
